{
  "name": "wired-elements",
  "version": "0.0.0",
  "lockfileVersion": 1,
  "requires": true,
  "dependencies": {
    "lit-element": {
      "version": "2.0.1",
      "resolved": "https://registry.npmjs.org/lit-element/-/lit-element-2.0.1.tgz",
      "integrity": "sha512-2bu3B2ZYUZgntvOgu3i5mRK8geo45CLUwxwJEYK54hyednoJasjiTZPB13NBg1D+hNM2JfmWTWJnh1QEUQv7zw==",
      "requires": {
        "lit-html": "^1.0.0"
      }
    },
    "lit-html": {
      "version": "1.0.0",
      "resolved": "https://registry.npmjs.org/lit-html/-/lit-html-1.0.0.tgz",
      "integrity": "sha512-oeWlpLmBW3gFl7979Wol2LKITpmKTUFNn7PnFbh6YNynF61W74l6x5WhwItAwPRSATpexaX1egNnRzlN4GOtfQ=="
    },
    "wired-card": {
      "version": "0.9.0-1",
      "resolved": "https://registry.npmjs.org/wired-card/-/wired-card-0.9.0-1.tgz",
      "integrity": "sha512-dFgMZ3eqAe5CCPj6ord1Hih8UIzIkSqy/JvCE7fWQAKc5sIGfH2yM1rRCADGUHitzOUM7I84cjj7UzW4RIvicA==",
      "requires": {
        "lit-element": "^2.0.1",
        "wired-lib": "^0.9.0-1"
      }
    },
    "wired-lib": {
      "version": "0.9.0-1",
      "resolved": "https://registry.npmjs.org/wired-lib/-/wired-lib-0.9.0-1.tgz",
      "integrity": "sha512-jhHR+lEpv8xJ4LqMKgsASvNVN3gmnjetghlj+dAQ/9k+tsiwVYRSs6hEbkctzJqvXgGpBqk5WZK7Iy7a2RpsNA=="
    }
  }
}
